// !$*UTF8*$!
{
	archiveVersion = 1;
	classes = {
	};
	objectVersion = 50;
	objects = {

/* Begin PBXBuildFile section */
		3A7094E121417914008A793F /* AppDelegate.m in Sources */ = {isa = PBXBuildFile; fileRef = 3A7094E021417914008A793F /* AppDelegate.m */; };
		3A7094E421417914008A793F /* ViewController.m in Sources */ = {isa = PBXBuildFile; fileRef = 3A7094E321417914008A793F /* ViewController.m */; };
		3A7094E721417914008A793F /* Main.storyboard in Resources */ = {isa = PBXBuildFile; fileRef = 3A7094E521417914008A793F /* Main.storyboard */; };
		3A7094E921417915008A793F /* Assets.xcassets in Resources */ = {isa = PBXBuildFile; fileRef = 3A7094E821417915008A793F /* Assets.xcassets */; };
		3A7094EC21417915008A793F /* LaunchScreen.storyboard in Resources */ = {isa = PBXBuildFile; fileRef = 3A7094EA21417915008A793F /* LaunchScreen.storyboard */; };
		3A7094EF21417915008A793F /* main.m in Sources */ = {isa = PBXBuildFile; fileRef = 3A7094EE21417915008A793F /* main.m */; };
		3A7094F921417915008A793F /* SonicTreeTests.m in Sources */ = {isa = PBXBuildFile; fileRef = 3A7094F821417915008A793F /* SonicTreeTests.m */; };
		3A70950421417915008A793F /* SonicTreeUITests.m in Sources */ = {isa = PBXBuildFile; fileRef = 3A70950321417915008A793F /* SonicTreeUITests.m */; };
		3A7095122141796C008A793F /* STreeFile.txt in Resources */ = {isa = PBXBuildFile; fileRef = 3A7095112141796C008A793F /* STreeFile.txt */; };
		3A70951621418459008A793F /* TreeList.plist in Resources */ = {isa = PBXBuildFile; fileRef = 3A70951521418458008A793F /* TreeList.plist */; };
		3A70951C21436B41008A793F /* cipai.plist in Resources */ = {isa = PBXBuildFile; fileRef = 3A70951B21436B41008A793F /* cipai.plist */; };
		3A70951F21437851008A793F /* TreeBrand.m in Sources */ = {isa = PBXBuildFile; fileRef = 3A70951E21437851008A793F /* TreeBrand.m */; };
		3A7095292143852B008A793F /* YBPopupMenu.m in Sources */ = {isa = PBXBuildFile; fileRef = 3A7095282143852B008A793F /* YBPopupMenu.m */; };
		3A70955C2143E19E008A793F /* TTK.png in Resources */ = {isa = PBXBuildFile; fileRef = 3A70955B2143E19E008A793F /* TTK.png */; };
		3A7E1D72218EF689005EBC72 /* Doggy.m in Sources */ = {isa = PBXBuildFile; fileRef = 3A7E1D71218EF689005EBC72 /* Doggy.m */; };
		3AB0BC2D28BDEFE400BAC7B3 /* IQTextView.m in Sources */ = {isa = PBXBuildFile; fileRef = 3AB0BC0E28BDEFE400BAC7B3 /* IQTextView.m */; };
		3AB0BC2E28BDEFE400BAC7B3 /* IQToolbar.m in Sources */ = {isa = PBXBuildFile; fileRef = 3AB0BC1228BDEFE400BAC7B3 /* IQToolbar.m */; };
		3AB0BC2F28BDEFE400BAC7B3 /* IQTitleBarButtonItem.m in Sources */ = {isa = PBXBuildFile; fileRef = 3AB0BC1428BDEFE400BAC7B3 /* IQTitleBarButtonItem.m */; };
		3AB0BC3028BDEFE400BAC7B3 /* IQBarButtonItem.m in Sources */ = {isa = PBXBuildFile; fileRef = 3AB0BC1528BDEFE400BAC7B3 /* IQBarButtonItem.m */; };
		3AB0BC3128BDEFE400BAC7B3 /* IQUIView+IQKeyboardToolbar.m in Sources */ = {isa = PBXBuildFile; fileRef = 3AB0BC1628BDEFE400BAC7B3 /* IQUIView+IQKeyboardToolbar.m */; };
		3AB0BC3228BDEFE400BAC7B3 /* IQPreviousNextView.m in Sources */ = {isa = PBXBuildFile; fileRef = 3AB0BC1728BDEFE400BAC7B3 /* IQPreviousNextView.m */; };
		3AB0BC3328BDEFE400BAC7B3 /* IQKeyboardManager.m in Sources */ = {isa = PBXBuildFile; fileRef = 3AB0BC2028BDEFE400BAC7B3 /* IQKeyboardManager.m */; };
		3AB0BC3428BDEFE400BAC7B3 /* IQNSArray+Sort.m in Sources */ = {isa = PBXBuildFile; fileRef = 3AB0BC2228BDEFE400BAC7B3 /* IQNSArray+Sort.m */; };
		3AB0BC3528BDEFE400BAC7B3 /* IQUITextFieldView+Additions.m in Sources */ = {isa = PBXBuildFile; fileRef = 3AB0BC2428BDEFE400BAC7B3 /* IQUITextFieldView+Additions.m */; };
		3AB0BC3628BDEFE400BAC7B3 /* IQUIScrollView+Additions.m in Sources */ = {isa = PBXBuildFile; fileRef = 3AB0BC2528BDEFE400BAC7B3 /* IQUIScrollView+Additions.m */; };
		3AB0BC3728BDEFE400BAC7B3 /* IQUIView+Hierarchy.m in Sources */ = {isa = PBXBuildFile; fileRef = 3AB0BC2628BDEFE400BAC7B3 /* IQUIView+Hierarchy.m */; };
		3AB0BC3828BDEFE400BAC7B3 /* IQUIViewController+Additions.m in Sources */ = {isa = PBXBuildFile; fileRef = 3AB0BC2A28BDEFE400BAC7B3 /* IQUIViewController+Additions.m */; };
		3AB0BC3928BDEFE400BAC7B3 /* IQKeyboardReturnKeyHandler.m in Sources */ = {isa = PBXBuildFile; fileRef = 3AB0BC2C28BDEFE400BAC7B3 /* IQKeyboardReturnKeyHandler.m */; };
		3AC8AADF22D259890010CF21 /* UIImageView+hello.m in Sources */ = {isa = PBXBuildFile; fileRef = 3AC8AADE22D259890010CF21 /* UIImageView+hello.m */; };
/* End PBXBuildFile section */

/* Begin PBXContainerItemProxy section */
		3A7094F521417915008A793F /* PBXContainerItemProxy */ = {
			isa = PBXContainerItemProxy;
			containerPortal = 3A7094D421417913008A793F /* Project object */;
			proxyType = 1;
			remoteGlobalIDString = 3A7094DB21417913008A793F;
			remoteInfo = SonicTree;
		};
		3A70950021417915008A793F /* PBXContainerItemProxy */ = {
			isa = PBXContainerItemProxy;
			containerPortal = 3A7094D421417913008A793F /* Project object */;
			proxyType = 1;
			remoteGlobalIDString = 3A7094DB21417913008A793F;
			remoteInfo = SonicTree;
		};
/* End PBXContainerItemProxy section */

/* Begin PBXFileReference section */
		3A7094DC21417914008A793F /* SonicTree.app */ = {isa = PBXFileReference; explicitFileType = wrapper.application; includeInIndex = 0; path = SonicTree.app; sourceTree = BUILT_PRODUCTS_DIR; };
		3A7094DF21417914008A793F /* AppDelegate.h */ = {isa = PBXFileReference; lastKnownFileType = sourcecode.c.h; path = AppDelegate.h; sourceTree = "<group>"; };
		3A7094E021417914008A793F /* AppDelegate.m */ = {isa = PBXFileReference; lastKnownFileType = sourcecode.c.objc; path = AppDelegate.m; sourceTree = "<group>"; };
		3A7094E221417914008A793F /* ViewController.h */ = {isa = PBXFileReference; lastKnownFileType = sourcecode.c.h; path = ViewController.h; sourceTree = "<group>"; };
		3A7094E321417914008A793F /* ViewController.m */ = {isa = PBXFileReference; lastKnownFileType = sourcecode.c.objc; path = ViewController.m; sourceTree = "<group>"; };
		3A7094E621417914008A793F /* Base */ = {isa = PBXFileReference; lastKnownFileType = file.storyboard; name = Base; path = Base.lproj/Main.storyboard; sourceTree = "<group>"; };
		3A7094E821417915008A793F /* Assets.xcassets */ = {isa = PBXFileReference; lastKnownFileType = folder.assetcatalog; path = Assets.xcassets; sourceTree = "<group>"; };
		3A7094EB21417915008A793F /* Base */ = {isa = PBXFileReference; lastKnownFileType = file.storyboard; name = Base; path = Base.lproj/LaunchScreen.storyboard; sourceTree = "<group>"; };
		3A7094ED21417915008A793F /* Info.plist */ = {isa = PBXFileReference; lastKnownFileType = text.plist.xml; path = Info.plist; sourceTree = "<group>"; };
		3A7094EE21417915008A793F /* main.m */ = {isa = PBXFileReference; lastKnownFileType = sourcecode.c.objc; path = main.m; sourceTree = "<group>"; };
		3A7094F421417915008A793F /* SonicTreeTests.xctest */ = {isa = PBXFileReference; explicitFileType = wrapper.cfbundle; includeInIndex = 0; path = SonicTreeTests.xctest; sourceTree = BUILT_PRODUCTS_DIR; };
		3A7094F821417915008A793F /* SonicTreeTests.m */ = {isa = PBXFileReference; lastKnownFileType = sourcecode.c.objc; path = SonicTreeTests.m; sourceTree = "<group>"; };
		3A7094FA21417915008A793F /* Info.plist */ = {isa = PBXFileReference; lastKnownFileType = text.plist.xml; path = Info.plist; sourceTree = "<group>"; };
		3A7094FF21417915008A793F /* SonicTreeUITests.xctest */ = {isa = PBXFileReference; explicitFileType = wrapper.cfbundle; includeInIndex = 0; path = SonicTreeUITests.xctest; sourceTree = BUILT_PRODUCTS_DIR; };
		3A70950321417915008A793F /* SonicTreeUITests.m */ = {isa = PBXFileReference; lastKnownFileType = sourcecode.c.objc; path = SonicTreeUITests.m; sourceTree = "<group>"; };
		3A70950521417915008A793F /* Info.plist */ = {isa = PBXFileReference; lastKnownFileType = text.plist.xml; path = Info.plist; sourceTree = "<group>"; };
		3A7095112141796C008A793F /* STreeFile.txt */ = {isa = PBXFileReference; lastKnownFileType = text; path = STreeFile.txt; sourceTree = "<group>"; };
		3A70951521418458008A793F /* TreeList.plist */ = {isa = PBXFileReference; fileEncoding = 4; lastKnownFileType = text.plist.xml; path = TreeList.plist; sourceTree = "<group>"; };
		3A70951B21436B41008A793F /* cipai.plist */ = {isa = PBXFileReference; lastKnownFileType = text.plist.xml; path = cipai.plist; sourceTree = "<group>"; };
		3A70951D21437851008A793F /* TreeBrand.h */ = {isa = PBXFileReference; lastKnownFileType = sourcecode.c.h; path = TreeBrand.h; sourceTree = "<group>"; };
		3A70951E21437851008A793F /* TreeBrand.m */ = {isa = PBXFileReference; lastKnownFileType = sourcecode.c.objc; path = TreeBrand.m; sourceTree = "<group>"; };
		3A7095272143852B008A793F /* YBPopupMenu.h */ = {isa = PBXFileReference; fileEncoding = 4; lastKnownFileType = sourcecode.c.h; path = YBPopupMenu.h; sourceTree = "<group>"; };
		3A7095282143852B008A793F /* YBPopupMenu.m */ = {isa = PBXFileReference; fileEncoding = 4; lastKnownFileType = sourcecode.c.objc; path = YBPopupMenu.m; sourceTree = "<group>"; };
		3A70955B2143E19E008A793F /* TTK.png */ = {isa = PBXFileReference; lastKnownFileType = image.png; path = TTK.png; sourceTree = "<group>"; };
		3A7E1D70218EF689005EBC72 /* Doggy.h */ = {isa = PBXFileReference; lastKnownFileType = sourcecode.c.h; path = Doggy.h; sourceTree = "<group>"; };
		3A7E1D71218EF689005EBC72 /* Doggy.m */ = {isa = PBXFileReference; lastKnownFileType = sourcecode.c.objc; path = Doggy.m; sourceTree = "<group>"; };
		3AB0BC0E28BDEFE400BAC7B3 /* IQTextView.m */ = {isa = PBXFileReference; fileEncoding = 4; lastKnownFileType = sourcecode.c.objc; path = IQTextView.m; sourceTree = "<group>"; };
		3AB0BC0F28BDEFE400BAC7B3 /* IQTextView.h */ = {isa = PBXFileReference; fileEncoding = 4; lastKnownFileType = sourcecode.c.h; path = IQTextView.h; sourceTree = "<group>"; };
		3AB0BC1128BDEFE400BAC7B3 /* IQUIView+IQKeyboardToolbar.h */ = {isa = PBXFileReference; fileEncoding = 4; lastKnownFileType = sourcecode.c.h; path = "IQUIView+IQKeyboardToolbar.h"; sourceTree = "<group>"; };
		3AB0BC1228BDEFE400BAC7B3 /* IQToolbar.m */ = {isa = PBXFileReference; fileEncoding = 4; lastKnownFileType = sourcecode.c.objc; path = IQToolbar.m; sourceTree = "<group>"; };
		3AB0BC1328BDEFE400BAC7B3 /* IQPreviousNextView.h */ = {isa = PBXFileReference; fileEncoding = 4; lastKnownFileType = sourcecode.c.h; path = IQPreviousNextView.h; sourceTree = "<group>"; };
		3AB0BC1428BDEFE400BAC7B3 /* IQTitleBarButtonItem.m */ = {isa = PBXFileReference; fileEncoding = 4; lastKnownFileType = sourcecode.c.objc; path = IQTitleBarButtonItem.m; sourceTree = "<group>"; };
		3AB0BC1528BDEFE400BAC7B3 /* IQBarButtonItem.m */ = {isa = PBXFileReference; fileEncoding = 4; lastKnownFileType = sourcecode.c.objc; path = IQBarButtonItem.m; sourceTree = "<group>"; };
		3AB0BC1628BDEFE400BAC7B3 /* IQUIView+IQKeyboardToolbar.m */ = {isa = PBXFileReference; fileEncoding = 4; lastKnownFileType = sourcecode.c.objc; path = "IQUIView+IQKeyboardToolbar.m"; sourceTree = "<group>"; };
		3AB0BC1728BDEFE400BAC7B3 /* IQPreviousNextView.m */ = {isa = PBXFileReference; fileEncoding = 4; lastKnownFileType = sourcecode.c.objc; path = IQPreviousNextView.m; sourceTree = "<group>"; };
		3AB0BC1828BDEFE400BAC7B3 /* IQToolbar.h */ = {isa = PBXFileReference; fileEncoding = 4; lastKnownFileType = sourcecode.c.h; path = IQToolbar.h; sourceTree = "<group>"; };
		3AB0BC1928BDEFE400BAC7B3 /* IQBarButtonItem.h */ = {isa = PBXFileReference; fileEncoding = 4; lastKnownFileType = sourcecode.c.h; path = IQBarButtonItem.h; sourceTree = "<group>"; };
		3AB0BC1A28BDEFE400BAC7B3 /* IQTitleBarButtonItem.h */ = {isa = PBXFileReference; fileEncoding = 4; lastKnownFileType = sourcecode.c.h; path = IQTitleBarButtonItem.h; sourceTree = "<group>"; };
		3AB0BC1C28BDEFE400BAC7B3 /* IQKeyboardManagerConstantsInternal.h */ = {isa = PBXFileReference; fileEncoding = 4; lastKnownFileType = sourcecode.c.h; path = IQKeyboardManagerConstantsInternal.h; sourceTree = "<group>"; };
		3AB0BC1D28BDEFE400BAC7B3 /* IQKeyboardManagerConstants.h */ = {isa = PBXFileReference; fileEncoding = 4; lastKnownFileType = sourcecode.c.h; path = IQKeyboardManagerConstants.h; sourceTree = "<group>"; };
		3AB0BC1E28BDEFE400BAC7B3 /* IQKeyboardReturnKeyHandler.h */ = {isa = PBXFileReference; fileEncoding = 4; lastKnownFileType = sourcecode.c.h; path = IQKeyboardReturnKeyHandler.h; sourceTree = "<group>"; };
		3AB0BC1F28BDEFE400BAC7B3 /* IQKeyboardManager.h */ = {isa = PBXFileReference; fileEncoding = 4; lastKnownFileType = sourcecode.c.h; path = IQKeyboardManager.h; sourceTree = "<group>"; };
		3AB0BC2028BDEFE400BAC7B3 /* IQKeyboardManager.m */ = {isa = PBXFileReference; fileEncoding = 4; lastKnownFileType = sourcecode.c.objc; path = IQKeyboardManager.m; sourceTree = "<group>"; };
		3AB0BC2228BDEFE400BAC7B3 /* IQNSArray+Sort.m */ = {isa = PBXFileReference; fileEncoding = 4; lastKnownFileType = sourcecode.c.objc; path = "IQNSArray+Sort.m"; sourceTree = "<group>"; };
		3AB0BC2328BDEFE400BAC7B3 /* IQUIViewController+Additions.h */ = {isa = PBXFileReference; fileEncoding = 4; lastKnownFileType = sourcecode.c.h; path = "IQUIViewController+Additions.h"; sourceTree = "<group>"; };
		3AB0BC2428BDEFE400BAC7B3 /* IQUITextFieldView+Additions.m */ = {isa = PBXFileReference; fileEncoding = 4; lastKnownFileType = sourcecode.c.objc; path = "IQUITextFieldView+Additions.m"; sourceTree = "<group>"; };
		3AB0BC2528BDEFE400BAC7B3 /* IQUIScrollView+Additions.m */ = {isa = PBXFileReference; fileEncoding = 4; lastKnownFileType = sourcecode.c.objc; path = "IQUIScrollView+Additions.m"; sourceTree = "<group>"; };
		3AB0BC2628BDEFE400BAC7B3 /* IQUIView+Hierarchy.m */ = {isa = PBXFileReference; fileEncoding = 4; lastKnownFileType = sourcecode.c.objc; path = "IQUIView+Hierarchy.m"; sourceTree = "<group>"; };
		3AB0BC2728BDEFE400BAC7B3 /* IQNSArray+Sort.h */ = {isa = PBXFileReference; fileEncoding = 4; lastKnownFileType = sourcecode.c.h; path = "IQNSArray+Sort.h"; sourceTree = "<group>"; };
		3AB0BC2828BDEFE400BAC7B3 /* IQUIScrollView+Additions.h */ = {isa = PBXFileReference; fileEncoding = 4; lastKnownFileType = sourcecode.c.h; path = "IQUIScrollView+Additions.h"; sourceTree = "<group>"; };
		3AB0BC2928BDEFE400BAC7B3 /* IQUITextFieldView+Additions.h */ = {isa = PBXFileReference; fileEncoding = 4; lastKnownFileType = sourcecode.c.h; path = "IQUITextFieldView+Additions.h"; sourceTree = "<group>"; };
		3AB0BC2A28BDEFE400BAC7B3 /* IQUIViewController+Additions.m */ = {isa = PBXFileReference; fileEncoding = 4; lastKnownFileType = sourcecode.c.objc; path = "IQUIViewController+Additions.m"; sourceTree = "<group>"; };
		3AB0BC2B28BDEFE400BAC7B3 /* IQUIView+Hierarchy.h */ = {isa = PBXFileReference; fileEncoding = 4; lastKnownFileType = sourcecode.c.h; path = "IQUIView+Hierarchy.h"; sourceTree = "<group>"; };
		3AB0BC2C28BDEFE400BAC7B3 /* IQKeyboardReturnKeyHandler.m */ = {isa = PBXFileReference; fileEncoding = 4; lastKnownFileType = sourcecode.c.objc; path = IQKeyboardReturnKeyHandler.m; sourceTree = "<group>"; };
		3AC8AADD22D259890010CF21 /* UIImageView+hello.h */ = {isa = PBXFileReference; lastKnownFileType = sourcecode.c.h; path = "UIImageView+hello.h"; sourceTree = "<group>"; };
		3AC8AADE22D259890010CF21 /* UIImageView+hello.m */ = {isa = PBXFileReference; lastKnownFileType = sourcecode.c.objc; path = "UIImageView+hello.m"; sourceTree = "<group>"; };
/* End PBXFileReference section */

/* Begin PBXFrameworksBuildPhase section */
		3A7094D921417913008A793F /* Frameworks */ = {
			isa = PBXFrameworksBuildPhase;
			buildActionMask = 2147483647;
			files = (
			);
			runOnlyForDeploymentPostprocessing = 0;
		};
		3A7094F121417915008A793F /* Frameworks */ = {
			isa = PBXFrameworksBuildPhase;
			buildActionMask = 2147483647;
			files = (
			);
			runOnlyForDeploymentPostprocessing = 0;
		};
		3A7094FC21417915008A793F /* Frameworks */ = {
			isa = PBXFrameworksBuildPhase;
			buildActionMask = 2147483647;
			files = (
			);
			runOnlyForDeploymentPostprocessing = 0;
		};
/* End PBXFrameworksBuildPhase section */

/* Begin PBXGroup section */
		3A7094D321417913008A793F = {
			isa = PBXGroup;
			children = (
				3A7094DE21417914008A793F /* SonicTree */,
				3A7094F721417915008A793F /* SonicTreeTests */,
				3A70950221417915008A793F /* SonicTreeUITests */,
				3A7094DD21417914008A793F /* Products */,
			);
			sourceTree = "<group>";
		};
		3A7094DD21417914008A793F /* Products */ = {
			isa = PBXGroup;
			children = (
				3A7094DC21417914008A793F /* SonicTree.app */,
				3A7094F421417915008A793F /* SonicTreeTests.xctest */,
				3A7094FF21417915008A793F /* SonicTreeUITests.xctest */,
			);
			name = Products;
			sourceTree = "<group>";
		};
		3A7094DE21417914008A793F /* SonicTree */ = {
			isa = PBXGroup;
			children = (
				3A7094DF21417914008A793F /* AppDelegate.h */,
				3A7094E021417914008A793F /* AppDelegate.m */,
				3A7094E221417914008A793F /* ViewController.h */,
				3A7094E321417914008A793F /* ViewController.m */,
				3AC8AADD22D259890010CF21 /* UIImageView+hello.h */,
				3AC8AADE22D259890010CF21 /* UIImageView+hello.m */,
				3A7E1D70218EF689005EBC72 /* Doggy.h */,
				3A7E1D71218EF689005EBC72 /* Doggy.m */,
				3A70951D21437851008A793F /* TreeBrand.h */,
				3A70951E21437851008A793F /* TreeBrand.m */,
				3AB0BC0C28BDEFE400BAC7B3 /* IQKeyboardManager */,
				3A70955B2143E19E008A793F /* TTK.png */,
				3A7094E521417914008A793F /* Main.storyboard */,
				3A7094E821417915008A793F /* Assets.xcassets */,
				3A7094EA21417915008A793F /* LaunchScreen.storyboard */,
				3A7094ED21417915008A793F /* Info.plist */,
				3A7095262143852B008A793F /* YBPopupMenu */,
				3A7094EE21417915008A793F /* main.m */,
				3A70951521418458008A793F /* TreeList.plist */,
				3A70951B21436B41008A793F /* cipai.plist */,
				3A7095112141796C008A793F /* STreeFile.txt */,
			);
			path = SonicTree;
			sourceTree = "<group>";
		};
		3A7094F721417915008A793F /* SonicTreeTests */ = {
			isa = PBXGroup;
			children = (
				3A7094F821417915008A793F /* SonicTreeTests.m */,
				3A7094FA21417915008A793F /* Info.plist */,
			);
			path = SonicTreeTests;
			sourceTree = "<group>";
		};
		3A70950221417915008A793F /* SonicTreeUITests */ = {
			isa = PBXGroup;
			children = (
				3A70950321417915008A793F /* SonicTreeUITests.m */,
				3A70950521417915008A793F /* Info.plist */,
			);
			path = SonicTreeUITests;
			sourceTree = "<group>";
		};
		3A7095262143852B008A793F /* YBPopupMenu */ = {
			isa = PBXGroup;
			children = (
				3A7095272143852B008A793F /* YBPopupMenu.h */,
				3A7095282143852B008A793F /* YBPopupMenu.m */,
			);
			path = YBPopupMenu;
			sourceTree = "<group>";
		};
		3AB0BC0C28BDEFE400BAC7B3 /* IQKeyboardManager */ = {
			isa = PBXGroup;
			children = (
				3AB0BC0D28BDEFE400BAC7B3 /* IQTextView */,
				3AB0BC1028BDEFE400BAC7B3 /* IQToolbar */,
				3AB0BC1B28BDEFE400BAC7B3 /* Constants */,
				3AB0BC1E28BDEFE400BAC7B3 /* IQKeyboardReturnKeyHandler.h */,
				3AB0BC1F28BDEFE400BAC7B3 /* IQKeyboardManager.h */,
				3AB0BC2028BDEFE400BAC7B3 /* IQKeyboardManager.m */,
				3AB0BC2128BDEFE400BAC7B3 /* Categories */,
				3AB0BC2C28BDEFE400BAC7B3 /* IQKeyboardReturnKeyHandler.m */,
			);
			path = IQKeyboardManager;
			sourceTree = "<group>";
		};
		3AB0BC0D28BDEFE400BAC7B3 /* IQTextView */ = {
			isa = PBXGroup;
			children = (
				3AB0BC0E28BDEFE400BAC7B3 /* IQTextView.m */,
				3AB0BC0F28BDEFE400BAC7B3 /* IQTextView.h */,
			);
			path = IQTextView;
			sourceTree = "<group>";
		};
		3AB0BC1028BDEFE400BAC7B3 /* IQToolbar */ = {
			isa = PBXGroup;
			children = (
				3AB0BC1128BDEFE400BAC7B3 /* IQUIView+IQKeyboardToolbar.h */,
				3AB0BC1228BDEFE400BAC7B3 /* IQToolbar.m */,
				3AB0BC1328BDEFE400BAC7B3 /* IQPreviousNextView.h */,
				3AB0BC1428BDEFE400BAC7B3 /* IQTitleBarButtonItem.m */,
				3AB0BC1528BDEFE400BAC7B3 /* IQBarButtonItem.m */,
				3AB0BC1628BDEFE400BAC7B3 /* IQUIView+IQKeyboardToolbar.m */,
				3AB0BC1728BDEFE400BAC7B3 /* IQPreviousNextView.m */,
				3AB0BC1828BDEFE400BAC7B3 /* IQToolbar.h */,
				3AB0BC1928BDEFE400BAC7B3 /* IQBarButtonItem.h */,
				3AB0BC1A28BDEFE400BAC7B3 /* IQTitleBarButtonItem.h */,
			);
			path = IQToolbar;
			sourceTree = "<group>";
		};
		3AB0BC1B28BDEFE400BAC7B3 /* Constants */ = {
			isa = PBXGroup;
			children = (
				3AB0BC1C28BDEFE400BAC7B3 /* IQKeyboardManagerConstantsInternal.h */,
				3AB0BC1D28BDEFE400BAC7B3 /* IQKeyboardManagerConstants.h */,
			);
			path = Constants;
			sourceTree = "<group>";
		};
		3AB0BC2128BDEFE400BAC7B3 /* Categories */ = {
			isa = PBXGroup;
			children = (
				3AB0BC2228BDEFE400BAC7B3 /* IQNSArray+Sort.m */,
				3AB0BC2328BDEFE400BAC7B3 /* IQUIViewController+Additions.h */,
				3AB0BC2428BDEFE400BAC7B3 /* IQUITextFieldView+Additions.m */,
				3AB0BC2528BDEFE400BAC7B3 /* IQUIScrollView+Additions.m */,
				3AB0BC2628BDEFE400BAC7B3 /* IQUIView+Hierarchy.m */,
				3AB0BC2728BDEFE400BAC7B3 /* IQNSArray+Sort.h */,
				3AB0BC2828BDEFE400BAC7B3 /* IQUIScrollView+Additions.h */,
				3AB0BC2928BDEFE400BAC7B3 /* IQUITextFieldView+Additions.h */,
				3AB0BC2A28BDEFE400BAC7B3 /* IQUIViewController+Additions.m */,
				3AB0BC2B28BDEFE400BAC7B3 /* IQUIView+Hierarchy.h */,
			);
			path = Categories;
			sourceTree = "<group>";
		};
/* End PBXGroup section */

/* Begin PBXNativeTarget section */
		3A7094DB21417913008A793F /* SonicTree */ = {
			isa = PBXNativeTarget;
			buildConfigurationList = 3A70950821417915008A793F /* Build configuration list for PBXNativeTarget "SonicTree" */;
			buildPhases = (
				3A7094D821417913008A793F /* Sources */,
				3A7094D921417913008A793F /* Frameworks */,
				3A7094DA21417913008A793F /* Resources */,
			);
			buildRules = (
			);
			dependencies = (
			);
			name = SonicTree;
			productName = SonicTree;
			productReference = 3A7094DC21417914008A793F /* SonicTree.app */;
			productType = "com.apple.product-type.application";
		};
		3A7094F321417915008A793F /* SonicTreeTests */ = {
			isa = PBXNativeTarget;
			buildConfigurationList = 3A70950B21417915008A793F /* Build configuration list for PBXNativeTarget "SonicTreeTests" */;
			buildPhases = (
				3A7094F021417915008A793F /* Sources */,
				3A7094F121417915008A793F /* Frameworks */,
				3A7094F221417915008A793F /* Resources */,
			);
			buildRules = (
			);
			dependencies = (
				3A7094F621417915008A793F /* PBXTargetDependency */,
			);
			name = SonicTreeTests;
			productName = SonicTreeTests;
			productReference = 3A7094F421417915008A793F /* SonicTreeTests.xctest */;
			productType = "com.apple.product-type.bundle.unit-test";
		};
		3A7094FE21417915008A793F /* SonicTreeUITests */ = {
			isa = PBXNativeTarget;
			buildConfigurationList = 3A70950E21417915008A793F /* Build configuration list for PBXNativeTarget "SonicTreeUITests" */;
			buildPhases = (
				3A7094FB21417915008A793F /* Sources */,
				3A7094FC21417915008A793F /* Frameworks */,
				3A7094FD21417915008A793F /* Resources */,
			);
			buildRules = (
			);
			dependencies = (
				3A70950121417915008A793F /* PBXTargetDependency */,
			);
			name = SonicTreeUITests;
			productName = SonicTreeUITests;
			productReference = 3A7094FF21417915008A793F /* SonicTreeUITests.xctest */;
			productType = "com.apple.product-type.bundle.ui-testing";
		};
/* End PBXNativeTarget section */

/* Begin PBXProject section */
		3A7094D421417913008A793F /* Project object */ = {
			isa = PBXProject;
			attributes = {
				LastUpgradeCheck = 0940;
				ORGANIZATIONNAME = juliano;
				TargetAttributes = {
					3A7094DB21417913008A793F = {
						CreatedOnToolsVersion = 9.4.1;
					};
					3A7094F321417915008A793F = {
						CreatedOnToolsVersion = 9.4.1;
						TestTargetID = 3A7094DB21417913008A793F;
					};
					3A7094FE21417915008A793F = {
						CreatedOnToolsVersion = 9.4.1;
						TestTargetID = 3A7094DB21417913008A793F;
					};
				};
			};
			buildConfigurationList = 3A7094D721417913008A793F /* Build configuration list for PBXProject "SonicTree" */;
			compatibilityVersion = "Xcode 9.3";
			developmentRegion = en;
			hasScannedForEncodings = 0;
			knownRegions = (
				en,
				Base,
			);
			mainGroup = 3A7094D321417913008A793F;
			productRefGroup = 3A7094DD21417914008A793F /* Products */;
			projectDirPath = "";
			projectRoot = "";
			targets = (
				3A7094DB21417913008A793F /* SonicTree */,
				3A7094F321417915008A793F /* SonicTreeTests */,
				3A7094FE21417915008A793F /* SonicTreeUITests */,
			);
		};
/* End PBXProject section */

/* Begin PBXResourcesBuildPhase section */
		3A7094DA21417913008A793F /* Resources */ = {
			isa = PBXResourcesBuildPhase;
			buildActionMask = 2147483647;
			files = (
				3A7095122141796C008A793F /* STreeFile.txt in Resources */,
				3A7094EC21417915008A793F /* LaunchScreen.storyboard in Resources */,
				3A7094E921417915008A793F /* Assets.xcassets in Resources */,
				3A70951C21436B41008A793F /* cipai.plist in Resources */,
				3A70955C2143E19E008A793F /* TTK.png in Resources */,
				3A70951621418459008A793F /* TreeList.plist in Resources */,
				3A7094E721417914008A793F /* Main.storyboard in Resources */,
			);
			runOnlyForDeploymentPostprocessing = 0;
		};
		3A7094F221417915008A793F /* Resources */ = {
			isa = PBXResourcesBuildPhase;
			buildActionMask = 2147483647;
			files = (
			);
			runOnlyForDeploymentPostprocessing = 0;
		};
		3A7094FD21417915008A793F /* Resources */ = {
			isa = PBXResourcesBuildPhase;
			buildActionMask = 2147483647;
			files = (
			);
			runOnlyForDeploymentPostprocessing = 0;
		};
/* End PBXResourcesBuildPhase section */

/* Begin PBXSourcesBuildPhase section */
		3A7094D821417913008A793F /* Sources */ = {
			isa = PBXSourcesBuildPhase;
			buildActionMask = 2147483647;
			files = (
				3A7094E421417914008A793F /* ViewController.m in Sources */,
				3AB0BC2D28BDEFE400BAC7B3 /* IQTextView.m in Sources */,
				3AB0BC3028BDEFE400BAC7B3 /* IQBarButtonItem.m in Sources */,
				3A70951F21437851008A793F /* TreeBrand.m in Sources */,
				3A7094EF21417915008A793F /* main.m in Sources */,
				3AB0BC3928BDEFE400BAC7B3 /* IQKeyboardReturnKeyHandler.m in Sources */,
				3A7094E121417914008A793F /* AppDelegate.m in Sources */,
				3AB0BC2F28BDEFE400BAC7B3 /* IQTitleBarButtonItem.m in Sources */,
				3AB0BC3128BDEFE400BAC7B3 /* IQUIView+IQKeyboardToolbar.m in Sources */,
				3AB0BC3328BDEFE400BAC7B3 /* IQKeyboardManager.m in Sources */,
				3AB0BC3428BDEFE400BAC7B3 /* IQNSArray+Sort.m in Sources */,
				3AB0BC3828BDEFE400BAC7B3 /* IQUIViewController+Additions.m in Sources */,
				3AB0BC3228BDEFE400BAC7B3 /* IQPreviousNextView.m in Sources */,
				3AB0BC2E28BDEFE400BAC7B3 /* IQToolbar.m in Sources */,
				3A7095292143852B008A793F /* YBPopupMenu.m in Sources */,
				3AC8AADF22D259890010CF21 /* UIImageView+hello.m in Sources */,
				3AB0BC3628BDEFE400BAC7B3 /* IQUIScrollView+Additions.m in Sources */,
				3AB0BC3528BDEFE400BAC7B3 /* IQUITextFieldView+Additions.m in Sources */,
				3AB0BC3728BDEFE400BAC7B3 /* IQUIView+Hierarchy.m in Sources */,
				3A7E1D72218EF689005EBC72 /* Doggy.m in Sources */,
			);
			runOnlyForDeploymentPostprocessing = 0;
		};
		3A7094F021417915008A793F /* Sources */ = {
			isa = PBXSourcesBuildPhase;
			buildActionMask = 2147483647;
			files = (
				3A7094F921417915008A793F /* SonicTreeTests.m in Sources */,
			);
			runOnlyForDeploymentPostprocessing = 0;
		};
		3A7094FB21417915008A793F /* Sources */ = {
			isa = PBXSourcesBuildPhase;
			buildActionMask = 2147483647;
			files = (
				3A70950421417915008A793F /* SonicTreeUITests.m in Sources */,
			);
			runOnlyForDeploymentPostprocessing = 0;
		};
/* End PBXSourcesBuildPhase section */

/* Begin PBXTargetDependency section */
		3A7094F621417915008A793F /* PBXTargetDependency */ = {
			isa = PBXTargetDependency;
			target = 3A7094DB21417913008A793F /* SonicTree */;
			targetProxy = 3A7094F521417915008A793F /* PBXContainerItemProxy */;
		};
		3A70950121417915008A793F /* PBXTargetDependency */ = {
			isa = PBXTargetDependency;
			target = 3A7094DB21417913008A793F /* SonicTree */;
			targetProxy = 3A70950021417915008A793F /* PBXContainerItemProxy */;
		};
/* End PBXTargetDependency section */

/* Begin PBXVariantGroup section */
		3A7094E521417914008A793F /* Main.storyboard */ = {
			isa = PBXVariantGroup;
			children = (
				3A7094E621417914008A793F /* Base */,
			);
			name = Main.storyboard;
			sourceTree = "<group>";
		};
		3A7094EA21417915008A793F /* LaunchScreen.storyboard */ = {
			isa = PBXVariantGroup;
			children = (
				3A7094EB21417915008A793F /* Base */,
			);
			name = LaunchScreen.storyboard;
			sourceTree = "<group>";
		};
/* End PBXVariantGroup section */

/* Begin XCBuildConfiguration section */
		3A70950621417915008A793F /* Debug */ = {
			isa = XCBuildConfiguration;
			buildSettings = {
				ALWAYS_SEARCH_USER_PATHS = NO;
				CLANG_ANALYZER_NONNULL = YES;
				CLANG_ANALYZER_NUMBER_OBJECT_CONVERSION = YES_AGGRESSIVE;
				CLANG_CXX_LANGUAGE_STANDARD = "gnu++14";
				CLANG_CXX_LIBRARY = "libc++";
				CLANG_ENABLE_MODULES = YES;
				CLANG_ENABLE_OBJC_ARC = YES;
				CLANG_ENABLE_OBJC_WEAK = YES;
				CLANG_WARN_BLOCK_CAPTURE_AUTORELEASING = YES;
				CLANG_WARN_BOOL_CONVERSION = YES;
				CLANG_WARN_COMMA = YES;
				CLANG_WARN_CONSTANT_CONVERSION = YES;
				CLANG_WARN_DEPRECATED_OBJC_IMPLEMENTATIONS = YES;
				CLANG_WARN_DIRECT_OBJC_ISA_USAGE = YES_ERROR;
				CLANG_WARN_DOCUMENTATION_COMMENTS = YES;
				CLANG_WARN_EMPTY_BODY = YES;
				CLANG_WARN_ENUM_CONVERSION = YES;
				CLANG_WARN_INFINITE_RECURSION = YES;
				CLANG_WARN_INT_CONVERSION = YES;
				CLANG_WARN_NON_LITERAL_NULL_CONVERSION = YES;
				CLANG_WARN_OBJC_IMPLICIT_RETAIN_SELF = YES;
				CLANG_WARN_OBJC_LITERAL_CONVERSION = YES;
				CLANG_WARN_OBJC_ROOT_CLASS = YES_ERROR;
				CLANG_WARN_RANGE_LOOP_ANALYSIS = YES;
				CLANG_WARN_STRICT_PROTOTYPES = YES;
				CLANG_WARN_SUSPICIOUS_MOVE = YES;
				CLANG_WARN_UNGUARDED_AVAILABILITY = YES_AGGRESSIVE;
				CLANG_WARN_UNREACHABLE_CODE = YES;
				CLANG_WARN__DUPLICATE_METHOD_MATCH = YES;
				CODE_SIGN_IDENTITY = "iPhone Developer";
				COPY_PHASE_STRIP = NO;
				DEBUG_INFORMATION_FORMAT = dwarf;
				ENABLE_STRICT_OBJC_MSGSEND = YES;
				ENABLE_TESTABILITY = YES;
				GCC_C_LANGUAGE_STANDARD = gnu11;
				GCC_DYNAMIC_NO_PIC = NO;
				GCC_NO_COMMON_BLOCKS = YES;
				GCC_OPTIMIZATION_LEVEL = 0;
				GCC_PREPROCESSOR_DEFINITIONS = (
					"DEBUG=1",
					"$(inherited)",
				);
				GCC_WARN_64_TO_32_BIT_CONVERSION = YES;
				GCC_WARN_ABOUT_RETURN_TYPE = YES_ERROR;
				GCC_WARN_UNDECLARED_SELECTOR = YES;
				GCC_WARN_UNINITIALIZED_AUTOS = YES_AGGRESSIVE;
				GCC_WARN_UNUSED_FUNCTION = YES;
				GCC_WARN_UNUSED_VARIABLE = YES;
				IPHONEOS_DEPLOYMENT_TARGET = 12.0;
				MTL_ENABLE_DEBUG_INFO = YES;
				ONLY_ACTIVE_ARCH = YES;
				SDKROOT = iphoneos;
			};
			name = Debug;
		};
		3A70950721417915008A793F /* Release */ = {
			isa = XCBuildConfiguration;
			buildSettings = {
				ALWAYS_SEARCH_USER_PATHS = NO;
				CLANG_ANALYZER_NONNULL = YES;
				CLANG_ANALYZER_NUMBER_OBJECT_CONVERSION = YES_AGGRESSIVE;
				CLANG_CXX_LANGUAGE_STANDARD = "gnu++14";
				CLANG_CXX_LIBRARY = "libc++";
				CLANG_ENABLE_MODULES = YES;
				CLANG_ENABLE_OBJC_ARC = YES;
				CLANG_ENABLE_OBJC_WEAK = YES;
				CLANG_WARN_BLOCK_CAPTURE_AUTORELEASING = YES;
				CLANG_WARN_BOOL_CONVERSION = YES;
				CLANG_WARN_COMMA = YES;
				CLANG_WARN_CONSTANT_CONVERSION = YES;
				CLANG_WARN_DEPRECATED_OBJC_IMPLEMENTATIONS = YES;
				CLANG_WARN_DIRECT_OBJC_ISA_USAGE = YES_ERROR;
				CLANG_WARN_DOCUMENTATION_COMMENTS = YES;
				CLANG_WARN_EMPTY_BODY = YES;
				CLANG_WARN_ENUM_CONVERSION = YES;
				CLANG_WARN_INFINITE_RECURSION = YES;
				CLANG_WARN_INT_CONVERSION = YES;
				CLANG_WARN_NON_LITERAL_NULL_CONVERSION = YES;
				CLANG_WARN_OBJC_IMPLICIT_RETAIN_SELF = YES;
				CLANG_WARN_OBJC_LITERAL_CONVERSION = YES;
				CLANG_WARN_OBJC_ROOT_CLASS = YES_ERROR;
				CLANG_WARN_RANGE_LOOP_ANALYSIS = YES;
				CLANG_WARN_STRICT_PROTOTYPES = YES;
				CLANG_WARN_SUSPICIOUS_MOVE = YES;
				CLANG_WARN_UNGUARDED_AVAILABILITY = YES_AGGRESSIVE;
				CLANG_WARN_UNREACHABLE_CODE = YES;
				CLANG_WARN__DUPLICATE_METHOD_MATCH = YES;
				CODE_SIGN_IDENTITY = "iPhone Developer";
				COPY_PHASE_STRIP = NO;
				DEBUG_INFORMATION_FORMAT = "dwarf-with-dsym";
				ENABLE_NS_ASSERTIONS = NO;
				ENABLE_STRICT_OBJC_MSGSEND = YES;
				GCC_C_LANGUAGE_STANDARD = gnu11;
				GCC_NO_COMMON_BLOCKS = YES;
				GCC_WARN_64_TO_32_BIT_CONVERSION = YES;
				GCC_WARN_ABOUT_RETURN_TYPE = YES_ERROR;
				GCC_WARN_UNDECLARED_SELECTOR = YES;
				GCC_WARN_UNINITIALIZED_AUTOS = YES_AGGRESSIVE;
				GCC_WARN_UNUSED_FUNCTION = YES;
				GCC_WARN_UNUSED_VARIABLE = YES;
				IPHONEOS_DEPLOYMENT_TARGET = 12.0;
				MTL_ENABLE_DEBUG_INFO = NO;
				SDKROOT = iphoneos;
				VALIDATE_PRODUCT = YES;
			};
			name = Release;
		};
		3A70950921417915008A793F /* Debug */ = {
			isa = XCBuildConfiguration;
			buildSettings = {
				ASSETCATALOG_COMPILER_APPICON_NAME = AppIcon;
				CODE_SIGN_STYLE = Manual;
				DEVELOPMENT_TEAM = 6MVT268PM2;
				INFOPLIST_FILE = SonicTree/Info.plist;
				LD_RUNPATH_SEARCH_PATHS = (
					"$(inherited)",
					"@executable_path/Frameworks",
				);
				PRODUCT_BUNDLE_IDENTIFIER = com.mintaian.riskAssessment2;
				PRODUCT_NAME = "$(TARGET_NAME)";
				PROVISIONING_PROFILE_SPECIFIER = riskAssessment_Development;
				TARGETED_DEVICE_FAMILY = "1,2";
			};
			name = Debug;
		};
		3A70950A21417915008A793F /* Release */ = {
			isa = XCBuildConfiguration;
			buildSettings = {
				ASSETCATALOG_COMPILER_APPICON_NAME = AppIcon;
				CODE_SIGN_STYLE = Manual;
				DEVELOPMENT_TEAM = "";
				INFOPLIST_FILE = SonicTree/Info.plist;
				LD_RUNPATH_SEARCH_PATHS = (
					"$(inherited)",
					"@executable_path/Frameworks",
				);
				PRODUCT_BUNDLE_IDENTIFIER = aa.cc.bb.SonicTree;
				PRODUCT_NAME = "$(TARGET_NAME)";
				PROVISIONING_PROFILE_SPECIFIER = "";
				TARGETED_DEVICE_FAMILY = "1,2";
			};
			name = Release;
		};
		3A70950C21417915008A793F /* Debug */ = {
			isa = XCBuildConfiguration;
			buildSettings = {
				BUNDLE_LOADER = "$(TEST_HOST)";
				CODE_SIGN_STYLE = Automatic;
				INFOPLIST_FILE = SonicTreeTests/Info.plist;
				LD_RUNPATH_SEARCH_PATHS = (
					"$(inherited)",
					"@executable_path/Frameworks",
					"@loader_path/Frameworks",
				);
				PRODUCT_BUNDLE_IDENTIFIER = aa.cc.bb.SonicTreeTests;
				PRODUCT_NAME = "$(TARGET_NAME)";
				TARGETED_DEVICE_FAMILY = "1,2";
				TEST_HOST = "$(BUILT_PRODUCTS_DIR)/SonicTree.app/SonicTree";
			};
			name = Debug;
		};
		3A70950D21417915008A793F /* Release */ = {
			isa = XCBuildConfiguration;
			buildSettings = {
				BUNDLE_LOADER = "$(TEST_HOST)";
				CODE_SIGN_STYLE = Automatic;
				INFOPLIST_FILE = SonicTreeTests/Info.plist;
				LD_RUNPATH_SEARCH_PATHS = (
					"$(inherited)",
					"@executable_path/Frameworks",
					"@loader_path/Frameworks",
				);
				PRODUCT_BUNDLE_IDENTIFIER = aa.cc.bb.SonicTreeTests;
				PRODUCT_NAME = "$(TARGET_NAME)";
				TARGETED_DEVICE_FAMILY = "1,2";
				TEST_HOST = "$(BUILT_PRODUCTS_DIR)/SonicTree.app/SonicTree";
			};
			name = Release;
		};
		3A70950F21417915008A793F /* Debug */ = {
			isa = XCBuildConfiguration;
			buildSettings = {
				CODE_SIGN_STYLE = Automatic;
				INFOPLIST_FILE = SonicTreeUITests/Info.plist;
				LD_RUNPATH_SEARCH_PATHS = (
					"$(inherited)",
					"@executable_path/Frameworks",
					"@loader_path/Frameworks",
				);
				PRODUCT_BUNDLE_IDENTIFIER = aa.cc.bb.SonicTreeUITests;
				PRODUCT_NAME = "$(TARGET_NAME)";
				TARGETED_DEVICE_FAMILY = "1,2";
				TEST_TARGET_NAME = SonicTree;
			};
			name = Debug;
		};
		3A70951021417915008A793F /* Release */ = {
			isa = XCBuildConfiguration;
			buildSettings = {
				CODE_SIGN_STYLE = Automatic;
				INFOPLIST_FILE = SonicTreeUITests/Info.plist;
				LD_RUNPATH_SEARCH_PATHS = (
					"$(inherited)",
					"@executable_path/Frameworks",
					"@loader_path/Frameworks",
				);
				PRODUCT_BUNDLE_IDENTIFIER = aa.cc.bb.SonicTreeUITests;
				PRODUCT_NAME = "$(TARGET_NAME)";
				TARGETED_DEVICE_FAMILY = "1,2";
				TEST_TARGET_NAME = SonicTree;
			};
			name = Release;
		};
/* End XCBuildConfiguration section */

/* Begin XCConfigurationList section */
		3A7094D721417913008A793F /* Build configuration list for PBXProject "SonicTree" */ = {
			isa = XCConfigurationList;
			buildConfigurations = (
				3A70950621417915008A793F /* Debug */,
				3A70950721417915008A793F /* Release */,
			);
			defaultConfigurationIsVisible = 0;
			defaultConfigurationName = Release;
		};
		3A70950821417915008A793F /* Build configuration list for PBXNativeTarget "SonicTree" */ = {
			isa = XCConfigurationList;
			buildConfigurations = (
				3A70950921417915008A793F /* Debug */,
				3A70950A21417915008A793F /* Release */,
			);
			defaultConfigurationIsVisible = 0;
			defaultConfigurationName = Release;
		};
		3A70950B21417915008A793F /* Build configuration list for PBXNativeTarget "SonicTreeTests" */ = {
			isa = XCConfigurationList;
			buildConfigurations = (
				3A70950C21417915008A793F /* Debug */,
				3A70950D21417915008A793F /* Release */,
			);
			defaultConfigurationIsVisible = 0;
			defaultConfigurationName = Release;
		};
		3A70950E21417915008A793F /* Build configuration list for PBXNativeTarget "SonicTreeUITests" */ = {
			isa = XCConfigurationList;
			buildConfigurations = (
				3A70950F21417915008A793F /* Debug */,
				3A70951021417915008A793F /* Release */,
			);
			defaultConfigurationIsVisible = 0;
			defaultConfigurationName = Release;
		};
/* End XCConfigurationList section */
	};
	rootObject = 3A7094D421417913008A793F /* Project object */;
}
